
Microsoft Visual Studio Solution File, Format Version 12.00
# Visual Studio Version 17
VisualStudioVersion = 17.9.34723.18
MinimumVisualStudioVersion = 10.0.40219.1
Project("{FAE04EC0-301F-11D3-BF4B-00C04F79EFBC}") = "W_2_L_8_7", "W_2_L_8_7\W_2_L_8_7.csproj", "{F47A505D-A191-49B4-A993-A24687371A2B}"
EndProject
Global
	GlobalSection(SolutionConfigurationPlatforms) = preSolution
		Debug|Any CPU = Debug|Any CPU
		Release|Any CPU = Release|Any CPU
	EndGlobalSection
	GlobalSection(ProjectConfigurationPlatforms) = postSolution
		{F47A505D-A191-49B4-A993-A24687371A2B}.Debug|Any CPU.ActiveCfg = Debug|Any CPU
		{F47A505D-A191-49B4-A993-A24687371A2B}.Debug|Any CPU.Build.0 = Debug|Any CPU
		{F47A505D-A191-49B4-A993-A24687371A2B}.Release|Any CPU.ActiveCfg = Release|Any CPU
		{F47A505D-A191-49B4-A993-A24687371A2B}.Release|Any CPU.Build.0 = Release|Any CPU
	EndGlobalSection
	GlobalSection(SolutionProperties) = preSolution
		HideSolutionNode = FALSE
	EndGlobalSection
	GlobalSection(ExtensibilityGlobals) = postSolution
		SolutionGuid = {F9C2F245-E5B0-473B-8179-4E2A643D6D76}
	EndGlobalSection
EndGlobal
